
Microsoft Visual Studio Solution File, Format Version 12.00
# Visual Studio Version 16
VisualStudioVersion = 16.0.32228.343
MinimumVisualStudioVersion = 10.0.40219.1
Project("{FAE04EC0-301F-11D3-BF4B-00C04F79EFBC}") = "LodgingSearchSystem", "LodgingSearchSystem\LodgingSearchSystem.csproj", "{8E9D821B-4ABB-4934-9F12-C3C5CFC3E040}"
EndProject
Global
	GlobalSection(SolutionConfigurationPlatforms) = preSolution
		Debug|Any CPU = Debug|Any CPU
		Release|Any CPU = Release|Any CPU
	EndGlobalSection
	GlobalSection(ProjectConfigurationPlatforms) = postSolution
		{8E9D821B-4ABB-4934-9F12-C3C5CFC3E040}.Debug|Any CPU.ActiveCfg = Debug|Any CPU
		{8E9D821B-4ABB-4934-9F12-C3C5CFC3E040}.Debug|Any CPU.Build.0 = Debug|Any CPU
		{8E9D821B-4ABB-4934-9F12-C3C5CFC3E040}.Release|Any CPU.ActiveCfg = Release|Any CPU
		{8E9D821B-4ABB-4934-9F12-C3C5CFC3E040}.Release|Any CPU.Build.0 = Release|Any CPU
	EndGlobalSection
	GlobalSection(SolutionProperties) = preSolution
		HideSolutionNode = FALSE
	EndGlobalSection
	GlobalSection(ExtensibilityGlobals) = postSolution
		SolutionGuid = {78DA445E-833B-48E9-B642-285A2082845F}
	EndGlobalSection
EndGlobal
